
Microsoft Visual Studio Solution File, Format Version 12.00
# Visual Studio Version 17
VisualStudioVersion = 17.10.35013.160
MinimumVisualStudioVersion = 10.0.40219.1
Project("{FAE04EC0-301F-11D3-BF4B-00C04F79EFBC}") = "ControleDeBar", "ControleDeBar.csproj", "{57122657-DA50-419D-8EF2-FB86C215E8F8}"
EndProject
Global
	GlobalSection(SolutionConfigurationPlatforms) = preSolution
		Debug|Any CPU = Debug|Any CPU
		Release|Any CPU = Release|Any CPU
	EndGlobalSection
	GlobalSection(ProjectConfigurationPlatforms) = postSolution
		{57122657-DA50-419D-8EF2-FB86C215E8F8}.Debug|Any CPU.ActiveCfg = Debug|Any CPU
		{57122657-DA50-419D-8EF2-FB86C215E8F8}.Debug|Any CPU.Build.0 = Debug|Any CPU
		{57122657-DA50-419D-8EF2-FB86C215E8F8}.Release|Any CPU.ActiveCfg = Release|Any CPU
		{57122657-DA50-419D-8EF2-FB86C215E8F8}.Release|Any CPU.Build.0 = Release|Any CPU
	EndGlobalSection
	GlobalSection(SolutionProperties) = preSolution
		HideSolutionNode = FALSE
	EndGlobalSection
	GlobalSection(ExtensibilityGlobals) = postSolution
		SolutionGuid = {213EF0CD-0208-4756-8909-326269C30466}
	EndGlobalSection
EndGlobal
